
Microsoft Visual Studio Solution File, Format Version 12.00
# Visual Studio Version 17
VisualStudioVersion = 17.2.32630.192
MinimumVisualStudioVersion = 10.0.40219.1
Project("{FAE04EC0-301F-11D3-BF4B-00C04F79EFBC}") = "morfologia", "morfologia\morfologia.csproj", "{F2004CF8-C325-4A89-AF19-9AF2868DF5D9}"
EndProject
Global
	GlobalSection(SolutionConfigurationPlatforms) = preSolution
		Debug|Any CPU = Debug|Any CPU
		Release|Any CPU = Release|Any CPU
	EndGlobalSection
	GlobalSection(ProjectConfigurationPlatforms) = postSolution
		{F2004CF8-C325-4A89-AF19-9AF2868DF5D9}.Debug|Any CPU.ActiveCfg = Debug|Any CPU
		{F2004CF8-C325-4A89-AF19-9AF2868DF5D9}.Debug|Any CPU.Build.0 = Debug|Any CPU
		{F2004CF8-C325-4A89-AF19-9AF2868DF5D9}.Release|Any CPU.ActiveCfg = Release|Any CPU
		{F2004CF8-C325-4A89-AF19-9AF2868DF5D9}.Release|Any CPU.Build.0 = Release|Any CPU
	EndGlobalSection
	GlobalSection(SolutionProperties) = preSolution
		HideSolutionNode = FALSE
	EndGlobalSection
	GlobalSection(ExtensibilityGlobals) = postSolution
		SolutionGuid = {E5F0EBDD-5BF9-49CF-AFC8-BDEA202D00F4}
	EndGlobalSection
EndGlobal
